// !$*UTF8*$!
{
	archiveVersion = 1;
	classes = {
	};
	objectVersion = 46;
	objects = {

/* Begin PBXBuildFile section */
		745623D81DB31C8700C885B9 /* table52ViewController.swift in Sources */ = {isa = PBXBuildFile; fileRef = 745623D71DB31C8700C885B9 /* table52ViewController.swift */; };
		745623DA1DB37F2600C885B9 /* AADTViewController.swift in Sources */ = {isa = PBXBuildFile; fileRef = 745623D91DB37F2600C885B9 /* AADTViewController.swift */; };
		745623DC1DB380A900C885B9 /* PavementEncroachmentViewController.swift in Sources */ = {isa = PBXBuildFile; fileRef = 745623DB1DB380A900C885B9 /* PavementEncroachmentViewController.swift */; };
		7495DBAA1DB135C500D0FAB8 /* Pages from MUTCDPart3WorksonRoads.pdf in Resources */ = {isa = PBXBuildFile; fileRef = 7495DBA91DB135C500D0FAB8 /* Pages from MUTCDPart3WorksonRoads.pdf */; };
		74C197951DAF947200107831 /* AppDelegate.swift in Sources */ = {isa = PBXBuildFile; fileRef = 74C197941DAF947200107831 /* AppDelegate.swift */; };
		74C197971DAF947200107831 /* ViewController.swift in Sources */ = {isa = PBXBuildFile; fileRef = 74C197961DAF947200107831 /* ViewController.swift */; };
		74C1979A1DAF947200107831 /* Main.storyboard in Resources */ = {isa = PBXBuildFile; fileRef = 74C197981DAF947200107831 /* Main.storyboard */; };
		74C1979C1DAF947200107831 /* Assets.xcassets in Resources */ = {isa = PBXBuildFile; fileRef = 74C1979B1DAF947200107831 /* Assets.xcassets */; };
		74C1979F1DAF947200107831 /* LaunchScreen.storyboard in Resources */ = {isa = PBXBuildFile; fileRef = 74C1979D1DAF947200107831 /* LaunchScreen.storyboard */; };
		74C197A71DAFA49900107831 /* Model.swift in Sources */ = {isa = PBXBuildFile; fileRef = 74C197A61DAFA49900107831 /* Model.swift */; };
		74C197A91DAFB37000107831 /* DiagramViewController.swift in Sources */ = {isa = PBXBuildFile; fileRef = 74C197A81DAFB37000107831 /* DiagramViewController.swift */; };
		74C197AB1DAFC6EB00107831 /* LaneTypeViewController.swift in Sources */ = {isa = PBXBuildFile; fileRef = 74C197AA1DAFC6EB00107831 /* LaneTypeViewController.swift */; };
		74C197AD1DB0B99400107831 /* WebViewController.swift in Sources */ = {isa = PBXBuildFile; fileRef = 74C197AC1DB0B99400107831 /* WebViewController.swift */; };
		74C197B01DB11AB700107831 /* RoadEnvironment Model.swift in Sources */ = {isa = PBXBuildFile; fileRef = 74C197AF1DB11AB700107831 /* RoadEnvironment Model.swift */; };
		74F909951DB4F020007DEEBF /* Table53ViewController.swift in Sources */ = {isa = PBXBuildFile; fileRef = 74F909941DB4F020007DEEBF /* Table53ViewController.swift */; };
/* End PBXBuildFile section */

/* Begin PBXFileReference section */
		745623D71DB31C8700C885B9 /* table52ViewController.swift */ = {isa = PBXFileReference; fileEncoding = 4; lastKnownFileType = sourcecode.swift; name = table52ViewController.swift; path = ../table52ViewController.swift; sourceTree = "<group>"; };
		745623D91DB37F2600C885B9 /* AADTViewController.swift */ = {isa = PBXFileReference; fileEncoding = 4; lastKnownFileType = sourcecode.swift; path = AADTViewController.swift; sourceTree = "<group>"; };
		745623DB1DB380A900C885B9 /* PavementEncroachmentViewController.swift */ = {isa = PBXFileReference; fileEncoding = 4; lastKnownFileType = sourcecode.swift; path = PavementEncroachmentViewController.swift; sourceTree = "<group>"; };
		7495DBA91DB135C500D0FAB8 /* Pages from MUTCDPart3WorksonRoads.pdf */ = {isa = PBXFileReference; lastKnownFileType = image.pdf; path = "Pages from MUTCDPart3WorksonRoads.pdf"; sourceTree = "<group>"; };
		74C197911DAF947200107831 /* MUTCD Diagram Selection.app */ = {isa = PBXFileReference; explicitFileType = wrapper.application; includeInIndex = 0; path = "MUTCD Diagram Selection.app"; sourceTree = BUILT_PRODUCTS_DIR; };
		74C197941DAF947200107831 /* AppDelegate.swift */ = {isa = PBXFileReference; lastKnownFileType = sourcecode.swift; path = AppDelegate.swift; sourceTree = "<group>"; };
		74C197961DAF947200107831 /* ViewController.swift */ = {isa = PBXFileReference; lastKnownFileType = sourcecode.swift; path = ViewController.swift; sourceTree = "<group>"; };
		74C197991DAF947200107831 /* Base */ = {isa = PBXFileReference; lastKnownFileType = file.storyboard; name = Base; path = Base.lproj/Main.storyboard; sourceTree = "<group>"; };
		74C1979B1DAF947200107831 /* Assets.xcassets */ = {isa = PBXFileReference; lastKnownFileType = folder.assetcatalog; path = Assets.xcassets; sourceTree = "<group>"; };
		74C1979E1DAF947200107831 /* Base */ = {isa = PBXFileReference; lastKnownFileType = file.storyboard; name = Base; path = Base.lproj/LaunchScreen.storyboard; sourceTree = "<group>"; };
		74C197A01DAF947200107831 /* Info.plist */ = {isa = PBXFileReference; lastKnownFileType = text.plist.xml; path = Info.plist; sourceTree = "<group>"; };
		74C197A61DAFA49900107831 /* Model.swift */ = {isa = PBXFileReference; fileEncoding = 4; lastKnownFileType = sourcecode.swift; path = Model.swift; sourceTree = "<group>"; };
		74C197A81DAFB37000107831 /* DiagramViewController.swift */ = {isa = PBXFileReference; fileEncoding = 4; lastKnownFileType = sourcecode.swift; path = DiagramViewController.swift; sourceTree = "<group>"; };
		74C197AA1DAFC6EB00107831 /* LaneTypeViewController.swift */ = {isa = PBXFileReference; fileEncoding = 4; lastKnownFileType = sourcecode.swift; path = LaneTypeViewController.swift; sourceTree = "<group>"; };
		74C197AC1DB0B99400107831 /* WebViewController.swift */ = {isa = PBXFileReference; fileEncoding = 4; lastKnownFileType = sourcecode.swift; path = WebViewController.swift; sourceTree = "<group>"; };
		74C197AF1DB11AB700107831 /* RoadEnvironment Model.swift */ = {isa = PBXFileReference; fileEncoding = 4; lastKnownFileType = sourcecode.swift; path = "RoadEnvironment Model.swift"; sourceTree = "<group>"; };
		74F909941DB4F020007DEEBF /* Table53ViewController.swift */ = {isa = PBXFileReference; fileEncoding = 4; lastKnownFileType = sourcecode.swift; path = Table53ViewController.swift; sourceTree = "<group>"; };
/* End PBXFileReference section */

/* Begin PBXFrameworksBuildPhase section */
		74C1978E1DAF947200107831 /* Frameworks */ = {
			isa = PBXFrameworksBuildPhase;
			buildActionMask = 2147483647;
			files = (
			);
			runOnlyForDeploymentPostprocessing = 0;
		};
/* End PBXFrameworksBuildPhase section */

/* Begin PBXGroup section */
		74C197881DAF947200107831 = {
			isa = PBXGroup;
			children = (
				74C197931DAF947200107831 /* MUTCD Diagram Selection */,
				74C197921DAF947200107831 /* Products */,
			);
			sourceTree = "<group>";
		};
		74C197921DAF947200107831 /* Products */ = {
			isa = PBXGroup;
			children = (
				74C197911DAF947200107831 /* MUTCD Diagram Selection.app */,
			);
			name = Products;
			sourceTree = "<group>";
		};
		74C197931DAF947200107831 /* MUTCD Diagram Selection */ = {
			isa = PBXGroup;
			children = (
				74C197AE1DB0B99F00107831 /* ViewControllers */,
				74C197941DAF947200107831 /* AppDelegate.swift */,
				74C197A61DAFA49900107831 /* Model.swift */,
				74C197981DAF947200107831 /* Main.storyboard */,
				74C197AF1DB11AB700107831 /* RoadEnvironment Model.swift */,
				74C1979B1DAF947200107831 /* Assets.xcassets */,
				74C1979D1DAF947200107831 /* LaunchScreen.storyboard */,
				74C197A01DAF947200107831 /* Info.plist */,
				7495DBA91DB135C500D0FAB8 /* Pages from MUTCDPart3WorksonRoads.pdf */,
			);
			path = "MUTCD Diagram Selection";
			sourceTree = "<group>";
		};
		74C197AE1DB0B99F00107831 /* ViewControllers */ = {
			isa = PBXGroup;
			children = (
				74C197961DAF947200107831 /* ViewController.swift */,
				74C197A81DAFB37000107831 /* DiagramViewController.swift */,
				745623D71DB31C8700C885B9 /* table52ViewController.swift */,
				745623D91DB37F2600C885B9 /* AADTViewController.swift */,
				745623DB1DB380A900C885B9 /* PavementEncroachmentViewController.swift */,
				74F909941DB4F020007DEEBF /* Table53ViewController.swift */,
				74C197AA1DAFC6EB00107831 /* LaneTypeViewController.swift */,
				74C197AC1DB0B99400107831 /* WebViewController.swift */,
			);
			name = ViewControllers;
			sourceTree = "<group>";
		};
/* End PBXGroup section */

/* Begin PBXNativeTarget section */
		74C197901DAF947200107831 /* MUTCD Diagram Selection */ = {
			isa = PBXNativeTarget;
			buildConfigurationList = 74C197A31DAF947200107831 /* Build configuration list for PBXNativeTarget "MUTCD Diagram Selection" */;
			buildPhases = (
				74C1978D1DAF947200107831 /* Sources */,
				74C1978E1DAF947200107831 /* Frameworks */,
				74C1978F1DAF947200107831 /* Resources */,
			);
			buildRules = (
			);
			dependencies = (
			);
			name = "MUTCD Diagram Selection";
			productName = "MUTCD Diagram Selection";
			productReference = 74C197911DAF947200107831 /* MUTCD Diagram Selection.app */;
			productType = "com.apple.product-type.application";
		};
/* End PBXNativeTarget section */

/* Begin PBXProject section */
		74C197891DAF947200107831 /* Project object */ = {
			isa = PBXProject;
			attributes = {
				LastSwiftUpdateCheck = 0800;
				LastUpgradeCheck = 0800;
				ORGANIZATIONNAME = "H Le-Nguyen";
				TargetAttributes = {
					74C197901DAF947200107831 = {
						CreatedOnToolsVersion = 8.0;
						DevelopmentTeam = 425297AAW7;
						ProvisioningStyle = Automatic;
					};
				};
			};
			buildConfigurationList = 74C1978C1DAF947200107831 /* Build configuration list for PBXProject "MUTCD Diagram Selection" */;
			compatibilityVersion = "Xcode 3.2";
			developmentRegion = English;
			hasScannedForEncodings = 0;
			knownRegions = (
				en,
				Base,
			);
			mainGroup = 74C197881DAF947200107831;
			productRefGroup = 74C197921DAF947200107831 /* Products */;
			projectDirPath = "";
			projectRoot = "";
			targets = (
				74C197901DAF947200107831 /* MUTCD Diagram Selection */,
			);
		};
/* End PBXProject section */

/* Begin PBXResourcesBuildPhase section */
		74C1978F1DAF947200107831 /* Resources */ = {
			isa = PBXResourcesBuildPhase;
			buildActionMask = 2147483647;
			files = (
				7495DBAA1DB135C500D0FAB8 /* Pages from MUTCDPart3WorksonRoads.pdf in Resources */,
				74C1979F1DAF947200107831 /* LaunchScreen.storyboard in Resources */,
				74C1979C1DAF947200107831 /* Assets.xcassets in Resources */,
				74C1979A1DAF947200107831 /* Main.storyboard in Resources */,
			);
			runOnlyForDeploymentPostprocessing = 0;
		};
/* End PBXResourcesBuildPhase section */

/* Begin PBXSourcesBuildPhase section */
		74C1978D1DAF947200107831 /* Sources */ = {
			isa = PBXSourcesBuildPhase;
			buildActionMask = 2147483647;
			files = (
				74C197A71DAFA49900107831 /* Model.swift in Sources */,
				74C197AD1DB0B99400107831 /* WebViewController.swift in Sources */,
				74C197B01DB11AB700107831 /* RoadEnvironment Model.swift in Sources */,
				74C197971DAF947200107831 /* ViewController.swift in Sources */,
				74F909951DB4F020007DEEBF /* Table53ViewController.swift in Sources */,
				745623DA1DB37F2600C885B9 /* AADTViewController.swift in Sources */,
				745623D81DB31C8700C885B9 /* table52ViewController.swift in Sources */,
				74C197A91DAFB37000107831 /* DiagramViewController.swift in Sources */,
				74C197AB1DAFC6EB00107831 /* LaneTypeViewController.swift in Sources */,
				74C197951DAF947200107831 /* AppDelegate.swift in Sources */,
				745623DC1DB380A900C885B9 /* PavementEncroachmentViewController.swift in Sources */,
			);
			runOnlyForDeploymentPostprocessing = 0;
		};
/* End PBXSourcesBuildPhase section */

/* Begin PBXVariantGroup section */
		74C197981DAF947200107831 /* Main.storyboard */ = {
			isa = PBXVariantGroup;
			children = (
				74C197991DAF947200107831 /* Base */,
			);
			name = Main.storyboard;
			sourceTree = "<group>";
		};
		74C1979D1DAF947200107831 /* LaunchScreen.storyboard */ = {
			isa = PBXVariantGroup;
			children = (
				74C1979E1DAF947200107831 /* Base */,
			);
			name = LaunchScreen.storyboard;
			sourceTree = "<group>";
		};
/* End PBXVariantGroup section */

/* Begin XCBuildConfiguration section */
		74C197A11DAF947200107831 /* Debug */ = {
			isa = XCBuildConfiguration;
			buildSettings = {
				ALWAYS_SEARCH_USER_PATHS = NO;
				CLANG_ANALYZER_NONNULL = YES;
				CLANG_CXX_LANGUAGE_STANDARD = "gnu++0x";
				CLANG_CXX_LIBRARY = "libc++";
				CLANG_ENABLE_MODULES = YES;
				CLANG_ENABLE_OBJC_ARC = YES;
				CLANG_WARN_BOOL_CONVERSION = YES;
				CLANG_WARN_CONSTANT_CONVERSION = YES;
				CLANG_WARN_DIRECT_OBJC_ISA_USAGE = YES_ERROR;
				CLANG_WARN_DOCUMENTATION_COMMENTS = YES;
				CLANG_WARN_EMPTY_BODY = YES;
				CLANG_WARN_ENUM_CONVERSION = YES;
				CLANG_WARN_INFINITE_RECURSION = YES;
				CLANG_WARN_INT_CONVERSION = YES;
				CLANG_WARN_OBJC_ROOT_CLASS = YES_ERROR;
				CLANG_WARN_SUSPICIOUS_MOVES = YES;
				CLANG_WARN_UNREACHABLE_CODE = YES;
				CLANG_WARN__DUPLICATE_METHOD_MATCH = YES;
				"CODE_SIGN_IDENTITY[sdk=iphoneos*]" = "iPhone Developer";
				COPY_PHASE_STRIP = NO;
				DEBUG_INFORMATION_FORMAT = dwarf;
				ENABLE_STRICT_OBJC_MSGSEND = YES;
				ENABLE_TESTABILITY = YES;
				GCC_C_LANGUAGE_STANDARD = gnu99;
				GCC_DYNAMIC_NO_PIC = NO;
				GCC_NO_COMMON_BLOCKS = YES;
				GCC_OPTIMIZATION_LEVEL = 0;
				GCC_PREPROCESSOR_DEFINITIONS = (
					"DEBUG=1",
					"$(inherited)",
				);
				GCC_WARN_64_TO_32_BIT_CONVERSION = YES;
				GCC_WARN_ABOUT_RETURN_TYPE = YES_ERROR;
				GCC_WARN_UNDECLARED_SELECTOR = YES;
				GCC_WARN_UNINITIALIZED_AUTOS = YES_AGGRESSIVE;
				GCC_WARN_UNUSED_FUNCTION = YES;
				GCC_WARN_UNUSED_VARIABLE = YES;
				IPHONEOS_DEPLOYMENT_TARGET = 10.0;
				MTL_ENABLE_DEBUG_INFO = YES;
				ONLY_ACTIVE_ARCH = YES;
				SDKROOT = iphoneos;
				SWIFT_ACTIVE_COMPILATION_CONDITIONS = DEBUG;
				SWIFT_OPTIMIZATION_LEVEL = "-Onone";
			};
			name = Debug;
		};
		74C197A21DAF947200107831 /* Release */ = {
			isa = XCBuildConfiguration;
			buildSettings = {
				ALWAYS_SEARCH_USER_PATHS = NO;
				CLANG_ANALYZER_NONNULL = YES;
				CLANG_CXX_LANGUAGE_STANDARD = "gnu++0x";
				CLANG_CXX_LIBRARY = "libc++";
				CLANG_ENABLE_MODULES = YES;
				CLANG_ENABLE_OBJC_ARC = YES;
				CLANG_WARN_BOOL_CONVERSION = YES;
				CLANG_WARN_CONSTANT_CONVERSION = YES;
				CLANG_WARN_DIRECT_OBJC_ISA_USAGE = YES_ERROR;
				CLANG_WARN_DOCUMENTATION_COMMENTS = YES;
				CLANG_WARN_EMPTY_BODY = YES;
				CLANG_WARN_ENUM_CONVERSION = YES;
				CLANG_WARN_INFINITE_RECURSION = YES;
				CLANG_WARN_INT_CONVERSION = YES;
				CLANG_WARN_OBJC_ROOT_CLASS = YES_ERROR;
				CLANG_WARN_SUSPICIOUS_MOVES = YES;
				CLANG_WARN_UNREACHABLE_CODE = YES;
				CLANG_WARN__DUPLICATE_METHOD_MATCH = YES;
				"CODE_SIGN_IDENTITY[sdk=iphoneos*]" = "iPhone Developer";
				COPY_PHASE_STRIP = NO;
				DEBUG_INFORMATION_FORMAT = "dwarf-with-dsym";
				ENABLE_NS_ASSERTIONS = NO;
				ENABLE_STRICT_OBJC_MSGSEND = YES;
				GCC_C_LANGUAGE_STANDARD = gnu99;
				GCC_NO_COMMON_BLOCKS = YES;
				GCC_WARN_64_TO_32_BIT_CONVERSION = YES;
				GCC_WARN_ABOUT_RETURN_TYPE = YES_ERROR;
				GCC_WARN_UNDECLARED_SELECTOR = YES;
				GCC_WARN_UNINITIALIZED_AUTOS = YES_AGGRESSIVE;
				GCC_WARN_UNUSED_FUNCTION = YES;
				GCC_WARN_UNUSED_VARIABLE = YES;
				IPHONEOS_DEPLOYMENT_TARGET = 10.0;
				MTL_ENABLE_DEBUG_INFO = NO;
				SDKROOT = iphoneos;
				SWIFT_OPTIMIZATION_LEVEL = "-Owholemodule";
				VALIDATE_PRODUCT = YES;
			};
			name = Release;
		};
		74C197A41DAF947200107831 /* Debug */ = {
			isa = XCBuildConfiguration;
			buildSettings = {
				ASSETCATALOG_COMPILER_APPICON_NAME = AppIcon;
				DEVELOPMENT_TEAM = 425297AAW7;
				INFOPLIST_FILE = "MUTCD Diagram Selection/Info.plist";
				LD_RUNPATH_SEARCH_PATHS = "$(inherited) @executable_path/Frameworks";
				PRODUCT_BUNDLE_IDENTIFIER = "com.quanglenguyen.MUTCD-Diagram-Selection";
				PRODUCT_NAME = "$(TARGET_NAME)";
				SWIFT_VERSION = 3.0;
			};
			name = Debug;
		};
		74C197A51DAF947200107831 /* Release */ = {
			isa = XCBuildConfiguration;
			buildSettings = {
				ASSETCATALOG_COMPILER_APPICON_NAME = AppIcon;
				DEVELOPMENT_TEAM = 425297AAW7;
				INFOPLIST_FILE = "MUTCD Diagram Selection/Info.plist";
				LD_RUNPATH_SEARCH_PATHS = "$(inherited) @executable_path/Frameworks";
				PRODUCT_BUNDLE_IDENTIFIER = "com.quanglenguyen.MUTCD-Diagram-Selection";
				PRODUCT_NAME = "$(TARGET_NAME)";
				SWIFT_VERSION = 3.0;
			};
			name = Release;
		};
/* End XCBuildConfiguration section */

/* Begin XCConfigurationList section */
		74C1978C1DAF947200107831 /* Build configuration list for PBXProject "MUTCD Diagram Selection" */ = {
			isa = XCConfigurationList;
			buildConfigurations = (
				74C197A11DAF947200107831 /* Debug */,
				74C197A21DAF947200107831 /* Release */,
			);
			defaultConfigurationIsVisible = 0;
			defaultConfigurationName = Release;
		};
		74C197A31DAF947200107831 /* Build configuration list for PBXNativeTarget "MUTCD Diagram Selection" */ = {
			isa = XCConfigurationList;
			buildConfigurations = (
				74C197A41DAF947200107831 /* Debug */,
				74C197A51DAF947200107831 /* Release */,
			);
			defaultConfigurationIsVisible = 0;
			defaultConfigurationName = Release;
		};
/* End XCConfigurationList section */
	};
	rootObject = 74C197891DAF947200107831 /* Project object */;
}
